
Microsoft Visual Studio Solution File, Format Version 12.00
# Visual Studio 2013
VisualStudioVersion = 12.0.31101.0
MinimumVisualStudioVersion = 10.0.40219.1
Project("{FAE04EC0-301F-11D3-BF4B-00C04F79EFBC}") = "Read And Write Exce File", "Read And Write Exce File\Read And Write Exce File.csproj", "{C686008E-4F31-4CF1-9667-BE3B9A35F96C}"
EndProject
Global
	GlobalSection(SolutionConfigurationPlatforms) = preSolution
		Debug|Any CPU = Debug|Any CPU
		Release|Any CPU = Release|Any CPU
	EndGlobalSection
	GlobalSection(ProjectConfigurationPlatforms) = postSolution
		{C686008E-4F31-4CF1-9667-BE3B9A35F96C}.Debug|Any CPU.ActiveCfg = Debug|Any CPU
		{C686008E-4F31-4CF1-9667-BE3B9A35F96C}.Debug|Any CPU.Build.0 = Debug|Any CPU
		{C686008E-4F31-4CF1-9667-BE3B9A35F96C}.Release|Any CPU.ActiveCfg = Release|Any CPU
		{C686008E-4F31-4CF1-9667-BE3B9A35F96C}.Release|Any CPU.Build.0 = Release|Any CPU
	EndGlobalSection
	GlobalSection(SolutionProperties) = preSolution
		HideSolutionNode = FALSE
	EndGlobalSection
EndGlobal
